
Microsoft Visual Studio Solution File, Format Version 12.00
Project("{FAE04EC0-301F-11D3-BF4B-00C04F79EFBC}") = "DevQuestions.Domain", "src\DevQuestions.Domain\DevQuestions.Domain.csproj", "{E65E08F4-3C1D-42EB-B834-3967360A63A6}"
EndProject
Project("{FAE04EC0-301F-11D3-BF4B-00C04F79EFBC}") = "DevQuestions.Web", "src\DevQuestions.Web\DevQuestions.Web.csproj", "{3300F998-F50B-4C63-BE4C-7C362EAA7C80}"
EndProject
Project("{FAE04EC0-301F-11D3-BF4B-00C04F79EFBC}") = "DevQuestions.Presenters", "src\DevQuestions.Presenters\DevQuestions.Presenters.csproj", "{659DE8F9-5DAE-4487-B0A9-8552743C05E5}"
EndProject
Project("{FAE04EC0-301F-11D3-BF4B-00C04F79EFBC}") = "DevQuestion.Contracts", "src\DevQuestion.Contracts\DevQuestion.Contracts.csproj", "{3FF44893-9F65-499E-ABB0-F4D04537D61B}"
EndProject
Global
	GlobalSection(SolutionConfigurationPlatforms) = preSolution
		Debug|Any CPU = Debug|Any CPU
		Release|Any CPU = Release|Any CPU
	EndGlobalSection
	GlobalSection(ProjectConfigurationPlatforms) = postSolution
		{E65E08F4-3C1D-42EB-B834-3967360A63A6}.Debug|Any CPU.ActiveCfg = Debug|Any CPU
		{E65E08F4-3C1D-42EB-B834-3967360A63A6}.Debug|Any CPU.Build.0 = Debug|Any CPU
		{E65E08F4-3C1D-42EB-B834-3967360A63A6}.Release|Any CPU.ActiveCfg = Release|Any CPU
		{E65E08F4-3C1D-42EB-B834-3967360A63A6}.Release|Any CPU.Build.0 = Release|Any CPU
		{3300F998-F50B-4C63-BE4C-7C362EAA7C80}.Debug|Any CPU.ActiveCfg = Debug|Any CPU
		{3300F998-F50B-4C63-BE4C-7C362EAA7C80}.Debug|Any CPU.Build.0 = Debug|Any CPU
		{3300F998-F50B-4C63-BE4C-7C362EAA7C80}.Release|Any CPU.ActiveCfg = Release|Any CPU
		{3300F998-F50B-4C63-BE4C-7C362EAA7C80}.Release|Any CPU.Build.0 = Release|Any CPU
		{659DE8F9-5DAE-4487-B0A9-8552743C05E5}.Debug|Any CPU.ActiveCfg = Debug|Any CPU
		{659DE8F9-5DAE-4487-B0A9-8552743C05E5}.Debug|Any CPU.Build.0 = Debug|Any CPU
		{659DE8F9-5DAE-4487-B0A9-8552743C05E5}.Release|Any CPU.ActiveCfg = Release|Any CPU
		{659DE8F9-5DAE-4487-B0A9-8552743C05E5}.Release|Any CPU.Build.0 = Release|Any CPU
		{3FF44893-9F65-499E-ABB0-F4D04537D61B}.Debug|Any CPU.ActiveCfg = Debug|Any CPU
		{3FF44893-9F65-499E-ABB0-F4D04537D61B}.Debug|Any CPU.Build.0 = Debug|Any CPU
		{3FF44893-9F65-499E-ABB0-F4D04537D61B}.Release|Any CPU.ActiveCfg = Release|Any CPU
		{3FF44893-9F65-499E-ABB0-F4D04537D61B}.Release|Any CPU.Build.0 = Release|Any CPU
	EndGlobalSection
EndGlobal
